
Microsoft Visual Studio Solution File, Format Version 12.00
# Visual Studio Version 16
VisualStudioVersion = 16.0.29230.47
MinimumVisualStudioVersion = 10.0.40219.1
Project("{FAE04EC0-301F-11D3-BF4B-00C04F79EFBC}") = "практика 16", "практика 16\практика 16.csproj", "{19452DEB-94CB-4ED6-ABEA-3553CB4F4389}"
EndProject
Global
	GlobalSection(SolutionConfigurationPlatforms) = preSolution
		Debug|Any CPU = Debug|Any CPU
		Release|Any CPU = Release|Any CPU
	EndGlobalSection
	GlobalSection(ProjectConfigurationPlatforms) = postSolution
		{19452DEB-94CB-4ED6-ABEA-3553CB4F4389}.Debug|Any CPU.ActiveCfg = Debug|Any CPU
		{19452DEB-94CB-4ED6-ABEA-3553CB4F4389}.Debug|Any CPU.Build.0 = Debug|Any CPU
		{19452DEB-94CB-4ED6-ABEA-3553CB4F4389}.Release|Any CPU.ActiveCfg = Release|Any CPU
		{19452DEB-94CB-4ED6-ABEA-3553CB4F4389}.Release|Any CPU.Build.0 = Release|Any CPU
	EndGlobalSection
	GlobalSection(SolutionProperties) = preSolution
		HideSolutionNode = FALSE
	EndGlobalSection
	GlobalSection(ExtensibilityGlobals) = postSolution
		SolutionGuid = {63A9C4D6-3D28-48DF-BD98-97D21424A93F}
	EndGlobalSection
EndGlobal
